// !$*UTF8*$!
{
	archiveVersion = 1;
	classes = {
	};
	objectVersion = 51;
	objects = {

/* Begin PBXBuildFile section */
		65E10EDD26558B2EB2E616AC /* Pods_Swift5QuitDrinking.framework in Frameworks */ = {isa = PBXBuildFile; fileRef = 1824379601B156043768734A /* Pods_Swift5QuitDrinking.framework */; };
		825BB1A62489F7CD00121515 /* QuitViewController.swift in Sources */ = {isa = PBXBuildFile; fileRef = 825BB1A52489F7CD00121515 /* QuitViewController.swift */; };
		829712222489CD7B00CDA2F9 /* AppDelegate.swift in Sources */ = {isa = PBXBuildFile; fileRef = 829712212489CD7B00CDA2F9 /* AppDelegate.swift */; };
		829712242489CD7B00CDA2F9 /* SceneDelegate.swift in Sources */ = {isa = PBXBuildFile; fileRef = 829712232489CD7B00CDA2F9 /* SceneDelegate.swift */; };
		829712262489CD7B00CDA2F9 /* ViewController.swift in Sources */ = {isa = PBXBuildFile; fileRef = 829712252489CD7B00CDA2F9 /* ViewController.swift */; };
		829712292489CD7B00CDA2F9 /* Main.storyboard in Resources */ = {isa = PBXBuildFile; fileRef = 829712272489CD7B00CDA2F9 /* Main.storyboard */; };
		8297122B2489CD7C00CDA2F9 /* Assets.xcassets in Resources */ = {isa = PBXBuildFile; fileRef = 8297122A2489CD7C00CDA2F9 /* Assets.xcassets */; };
		8297122E2489CD7C00CDA2F9 /* LaunchScreen.storyboard in Resources */ = {isa = PBXBuildFile; fileRef = 8297122C2489CD7C00CDA2F9 /* LaunchScreen.storyboard */; };
		829712362489DC9200CDA2F9 /* beer.json in Resources */ = {isa = PBXBuildFile; fileRef = 829712352489DC9200CDA2F9 /* beer.json */; };
		82BD804C248A4054003CC014 /* LoggingViewController.swift in Sources */ = {isa = PBXBuildFile; fileRef = 82BD804B248A4054003CC014 /* LoggingViewController.swift */; };
		82BD804E248A41BE003CC014 /* LogViewController.swift in Sources */ = {isa = PBXBuildFile; fileRef = 82BD804D248A41BE003CC014 /* LogViewController.swift */; };
/* End PBXBuildFile section */

/* Begin PBXFileReference section */
		061A356143EF93568FAC23DE /* Pods-Swift5QuitDrinking.release.xcconfig */ = {isa = PBXFileReference; includeInIndex = 1; lastKnownFileType = text.xcconfig; name = "Pods-Swift5QuitDrinking.release.xcconfig"; path = "Target Support Files/Pods-Swift5QuitDrinking/Pods-Swift5QuitDrinking.release.xcconfig"; sourceTree = "<group>"; };
		1824379601B156043768734A /* Pods_Swift5QuitDrinking.framework */ = {isa = PBXFileReference; explicitFileType = wrapper.framework; includeInIndex = 0; path = Pods_Swift5QuitDrinking.framework; sourceTree = BUILT_PRODUCTS_DIR; };
		65DCA97FCC1EC6475CD19E14 /* Pods-Swift5QuitDrinking.debug.xcconfig */ = {isa = PBXFileReference; includeInIndex = 1; lastKnownFileType = text.xcconfig; name = "Pods-Swift5QuitDrinking.debug.xcconfig"; path = "Target Support Files/Pods-Swift5QuitDrinking/Pods-Swift5QuitDrinking.debug.xcconfig"; sourceTree = "<group>"; };
		825BB1A52489F7CD00121515 /* QuitViewController.swift */ = {isa = PBXFileReference; lastKnownFileType = sourcecode.swift; path = QuitViewController.swift; sourceTree = "<group>"; };
		8297121E2489CD7B00CDA2F9 /* Swift5QuitDrinking.app */ = {isa = PBXFileReference; explicitFileType = wrapper.application; includeInIndex = 0; path = Swift5QuitDrinking.app; sourceTree = BUILT_PRODUCTS_DIR; };
		829712212489CD7B00CDA2F9 /* AppDelegate.swift */ = {isa = PBXFileReference; lastKnownFileType = sourcecode.swift; path = AppDelegate.swift; sourceTree = "<group>"; };
		829712232489CD7B00CDA2F9 /* SceneDelegate.swift */ = {isa = PBXFileReference; lastKnownFileType = sourcecode.swift; path = SceneDelegate.swift; sourceTree = "<group>"; };
		829712252489CD7B00CDA2F9 /* ViewController.swift */ = {isa = PBXFileReference; lastKnownFileType = sourcecode.swift; path = ViewController.swift; sourceTree = "<group>"; };
		829712282489CD7B00CDA2F9 /* Base */ = {isa = PBXFileReference; lastKnownFileType = file.storyboard; name = Base; path = Base.lproj/Main.storyboard; sourceTree = "<group>"; };
		8297122A2489CD7C00CDA2F9 /* Assets.xcassets */ = {isa = PBXFileReference; lastKnownFileType = folder.assetcatalog; path = Assets.xcassets; sourceTree = "<group>"; };
		8297122D2489CD7C00CDA2F9 /* Base */ = {isa = PBXFileReference; lastKnownFileType = file.storyboard; name = Base; path = Base.lproj/LaunchScreen.storyboard; sourceTree = "<group>"; };
		8297122F2489CD7C00CDA2F9 /* Info.plist */ = {isa = PBXFileReference; lastKnownFileType = text.plist.xml; path = Info.plist; sourceTree = "<group>"; };
		829712352489DC9200CDA2F9 /* beer.json */ = {isa = PBXFileReference; fileEncoding = 4; lastKnownFileType = text.json; path = beer.json; sourceTree = "<group>"; };
		82BD804B248A4054003CC014 /* LoggingViewController.swift */ = {isa = PBXFileReference; lastKnownFileType = sourcecode.swift; path = LoggingViewController.swift; sourceTree = "<group>"; };
		82BD804D248A41BE003CC014 /* LogViewController.swift */ = {isa = PBXFileReference; lastKnownFileType = sourcecode.swift; path = LogViewController.swift; sourceTree = "<group>"; };
/* End PBXFileReference section */

/* Begin PBXFrameworksBuildPhase section */
		8297121B2489CD7B00CDA2F9 /* Frameworks */ = {
			isa = PBXFrameworksBuildPhase;
			buildActionMask = 2147483647;
			files = (
				65E10EDD26558B2EB2E616AC /* Pods_Swift5QuitDrinking.framework in Frameworks */,
			);
			runOnlyForDeploymentPostprocessing = 0;
		};
/* End PBXFrameworksBuildPhase section */

/* Begin PBXGroup section */
		25E6FD3920FA0FD5FF606123 /* Pods */ = {
			isa = PBXGroup;
			children = (
				65DCA97FCC1EC6475CD19E14 /* Pods-Swift5QuitDrinking.debug.xcconfig */,
				061A356143EF93568FAC23DE /* Pods-Swift5QuitDrinking.release.xcconfig */,
			);
			path = Pods;
			sourceTree = "<group>";
		};
		829712152489CD7B00CDA2F9 = {
			isa = PBXGroup;
			children = (
				829712202489CD7B00CDA2F9 /* Swift5QuitDrinking */,
				8297121F2489CD7B00CDA2F9 /* Products */,
				25E6FD3920FA0FD5FF606123 /* Pods */,
				C032961585A162F302BF6CDF /* Frameworks */,
			);
			sourceTree = "<group>";
		};
		8297121F2489CD7B00CDA2F9 /* Products */ = {
			isa = PBXGroup;
			children = (
				8297121E2489CD7B00CDA2F9 /* Swift5QuitDrinking.app */,
			);
			name = Products;
			sourceTree = "<group>";
		};
		829712202489CD7B00CDA2F9 /* Swift5QuitDrinking */ = {
			isa = PBXGroup;
			children = (
				829712212489CD7B00CDA2F9 /* AppDelegate.swift */,
				829712232489CD7B00CDA2F9 /* SceneDelegate.swift */,
				829712252489CD7B00CDA2F9 /* ViewController.swift */,
				829712352489DC9200CDA2F9 /* beer.json */,
				825BB1A52489F7CD00121515 /* QuitViewController.swift */,
				829712272489CD7B00CDA2F9 /* Main.storyboard */,
				82BD804D248A41BE003CC014 /* LogViewController.swift */,
				82BD804B248A4054003CC014 /* LoggingViewController.swift */,
				8297122A2489CD7C00CDA2F9 /* Assets.xcassets */,
				8297122C2489CD7C00CDA2F9 /* LaunchScreen.storyboard */,
				8297122F2489CD7C00CDA2F9 /* Info.plist */,
			);
			path = Swift5QuitDrinking;
			sourceTree = "<group>";
		};
		C032961585A162F302BF6CDF /* Frameworks */ = {
			isa = PBXGroup;
			children = (
				1824379601B156043768734A /* Pods_Swift5QuitDrinking.framework */,
			);
			name = Frameworks;
			sourceTree = "<group>";
		};
/* End PBXGroup section */

/* Begin PBXNativeTarget section */
		8297121D2489CD7B00CDA2F9 /* Swift5QuitDrinking */ = {
			isa = PBXNativeTarget;
			buildConfigurationList = 829712322489CD7C00CDA2F9 /* Build configuration list for PBXNativeTarget "Swift5QuitDrinking" */;
			buildPhases = (
				1DD963A73C357573DFCBAE68 /* [CP] Check Pods Manifest.lock */,
				8297121A2489CD7B00CDA2F9 /* Sources */,
				8297121B2489CD7B00CDA2F9 /* Frameworks */,
				8297121C2489CD7B00CDA2F9 /* Resources */,
				29B17AF3DC8233C325EFE110 /* [CP] Embed Pods Frameworks */,
			);
			buildRules = (
			);
			dependencies = (
			);
			name = Swift5QuitDrinking;
			productName = Swift5QuitDrinking;
			productReference = 8297121E2489CD7B00CDA2F9 /* Swift5QuitDrinking.app */;
			productType = "com.apple.product-type.application";
		};
/* End PBXNativeTarget section */

/* Begin PBXProject section */
		829712162489CD7B00CDA2F9 /* Project object */ = {
			isa = PBXProject;
			attributes = {
				LastSwiftUpdateCheck = 1150;
				LastUpgradeCheck = 1150;
				ORGANIZATIONNAME = "Makoto Shibata";
				TargetAttributes = {
					8297121D2489CD7B00CDA2F9 = {
						CreatedOnToolsVersion = 11.5;
					};
				};
			};
			buildConfigurationList = 829712192489CD7B00CDA2F9 /* Build configuration list for PBXProject "Swift5QuitDrinking" */;
			compatibilityVersion = "Xcode 9.3";
			developmentRegion = en;
			hasScannedForEncodings = 0;
			knownRegions = (
				en,
				Base,
			);
			mainGroup = 829712152489CD7B00CDA2F9;
			productRefGroup = 8297121F2489CD7B00CDA2F9 /* Products */;
			projectDirPath = "";
			projectRoot = "";
			targets = (
				8297121D2489CD7B00CDA2F9 /* Swift5QuitDrinking */,
			);
		};
/* End PBXProject section */

/* Begin PBXResourcesBuildPhase section */
		8297121C2489CD7B00CDA2F9 /* Resources */ = {
			isa = PBXResourcesBuildPhase;
			buildActionMask = 2147483647;
			files = (
				8297122E2489CD7C00CDA2F9 /* LaunchScreen.storyboard in Resources */,
				8297122B2489CD7C00CDA2F9 /* Assets.xcassets in Resources */,
				829712292489CD7B00CDA2F9 /* Main.storyboard in Resources */,
				829712362489DC9200CDA2F9 /* beer.json in Resources */,
			);
			runOnlyForDeploymentPostprocessing = 0;
		};
/* End PBXResourcesBuildPhase section */

/* Begin PBXShellScriptBuildPhase section */
		1DD963A73C357573DFCBAE68 /* [CP] Check Pods Manifest.lock */ = {
			isa = PBXShellScriptBuildPhase;
			buildActionMask = 2147483647;
			files = (
			);
			inputFileListPaths = (
			);
			inputPaths = (
				"${PODS_PODFILE_DIR_PATH}/Podfile.lock",
				"${PODS_ROOT}/Manifest.lock",
			);
			name = "[CP] Check Pods Manifest.lock";
			outputFileListPaths = (
			);
			outputPaths = (
				"$(DERIVED_FILE_DIR)/Pods-Swift5QuitDrinking-checkManifestLockResult.txt",
			);
			runOnlyForDeploymentPostprocessing = 0;
			shellPath = /bin/sh;
			shellScript = "diff \"${PODS_PODFILE_DIR_PATH}/Podfile.lock\" \"${PODS_ROOT}/Manifest.lock\" > /dev/null\nif [ $? != 0 ] ; then\n    # print error to STDERR\n    echo \"error: The sandbox is not in sync with the Podfile.lock. Run 'pod install' or update your CocoaPods installation.\" >&2\n    exit 1\nfi\n# This output is used by Xcode 'outputs' to avoid re-running this script phase.\necho \"SUCCESS\" > \"${SCRIPT_OUTPUT_FILE_0}\"\n";
			showEnvVarsInLog = 0;
		};
		29B17AF3DC8233C325EFE110 /* [CP] Embed Pods Frameworks */ = {
			isa = PBXShellScriptBuildPhase;
			buildActionMask = 2147483647;
			files = (
			);
			inputFileListPaths = (
				"${PODS_ROOT}/Target Support Files/Pods-Swift5QuitDrinking/Pods-Swift5QuitDrinking-frameworks-${CONFIGURATION}-input-files.xcfilelist",
			);
			name = "[CP] Embed Pods Frameworks";
			outputFileListPaths = (
				"${PODS_ROOT}/Target Support Files/Pods-Swift5QuitDrinking/Pods-Swift5QuitDrinking-frameworks-${CONFIGURATION}-output-files.xcfilelist",
			);
			runOnlyForDeploymentPostprocessing = 0;
			shellPath = /bin/sh;
			shellScript = "\"${PODS_ROOT}/Target Support Files/Pods-Swift5QuitDrinking/Pods-Swift5QuitDrinking-frameworks.sh\"\n";
			showEnvVarsInLog = 0;
		};
/* End PBXShellScriptBuildPhase section */

/* Begin PBXSourcesBuildPhase section */
		8297121A2489CD7B00CDA2F9 /* Sources */ = {
			isa = PBXSourcesBuildPhase;
			buildActionMask = 2147483647;
			files = (
				829712262489CD7B00CDA2F9 /* ViewController.swift in Sources */,
				82BD804C248A4054003CC014 /* LoggingViewController.swift in Sources */,
				825BB1A62489F7CD00121515 /* QuitViewController.swift in Sources */,
				82BD804E248A41BE003CC014 /* LogViewController.swift in Sources */,
				829712222489CD7B00CDA2F9 /* AppDelegate.swift in Sources */,
				829712242489CD7B00CDA2F9 /* SceneDelegate.swift in Sources */,
			);
			runOnlyForDeploymentPostprocessing = 0;
		};
/* End PBXSourcesBuildPhase section */

/* Begin PBXVariantGroup section */
		829712272489CD7B00CDA2F9 /* Main.storyboard */ = {
			isa = PBXVariantGroup;
			children = (
				829712282489CD7B00CDA2F9 /* Base */,
			);
			name = Main.storyboard;
			sourceTree = "<group>";
		};
		8297122C2489CD7C00CDA2F9 /* LaunchScreen.storyboard */ = {
			isa = PBXVariantGroup;
			children = (
				8297122D2489CD7C00CDA2F9 /* Base */,
			);
			name = LaunchScreen.storyboard;
			sourceTree = "<group>";
		};
/* End PBXVariantGroup section */

/* Begin XCBuildConfiguration section */
		829712302489CD7C00CDA2F9 /* Debug */ = {
			isa = XCBuildConfiguration;
			baseConfigurationReference = 65DCA97FCC1EC6475CD19E14 /* Pods-Swift5QuitDrinking.debug.xcconfig */;
			buildSettings = {
				ALWAYS_SEARCH_USER_PATHS = NO;
				CLANG_ANALYZER_NONNULL = YES;
				CLANG_ANALYZER_NUMBER_OBJECT_CONVERSION = YES_AGGRESSIVE;
				CLANG_CXX_LANGUAGE_STANDARD = "gnu++14";
				CLANG_CXX_LIBRARY = "libc++";
				CLANG_ENABLE_MODULES = YES;
				CLANG_ENABLE_OBJC_ARC = YES;
				CLANG_ENABLE_OBJC_WEAK = YES;
				CLANG_WARN_BLOCK_CAPTURE_AUTORELEASING = YES;
				CLANG_WARN_BOOL_CONVERSION = YES;
				CLANG_WARN_COMMA = YES;
				CLANG_WARN_CONSTANT_CONVERSION = YES;
				CLANG_WARN_DEPRECATED_OBJC_IMPLEMENTATIONS = YES;
				CLANG_WARN_DIRECT_OBJC_ISA_USAGE = YES_ERROR;
				CLANG_WARN_DOCUMENTATION_COMMENTS = YES;
				CLANG_WARN_EMPTY_BODY = YES;
				CLANG_WARN_ENUM_CONVERSION = YES;
				CLANG_WARN_INFINITE_RECURSION = YES;
				CLANG_WARN_INT_CONVERSION = YES;
				CLANG_WARN_NON_LITERAL_NULL_CONVERSION = YES;
				CLANG_WARN_OBJC_IMPLICIT_RETAIN_SELF = YES;
				CLANG_WARN_OBJC_LITERAL_CONVERSION = YES;
				CLANG_WARN_OBJC_ROOT_CLASS = YES_ERROR;
				CLANG_WARN_RANGE_LOOP_ANALYSIS = YES;
				CLANG_WARN_STRICT_PROTOTYPES = YES;
				CLANG_WARN_SUSPICIOUS_MOVE = YES;
				CLANG_WARN_UNGUARDED_AVAILABILITY = YES_AGGRESSIVE;
				CLANG_WARN_UNREACHABLE_CODE = YES;
				CLANG_WARN__DUPLICATE_METHOD_MATCH = YES;
				COPY_PHASE_STRIP = NO;
				DEBUG_INFORMATION_FORMAT = dwarf;
				ENABLE_STRICT_OBJC_MSGSEND = YES;
				ENABLE_TESTABILITY = YES;
				GCC_C_LANGUAGE_STANDARD = gnu11;
				GCC_DYNAMIC_NO_PIC = NO;
				GCC_NO_COMMON_BLOCKS = YES;
				GCC_OPTIMIZATION_LEVEL = 0;
				GCC_PREPROCESSOR_DEFINITIONS = (
					"DEBUG=1",
					"$(inherited)",
				);
				GCC_WARN_64_TO_32_BIT_CONVERSION = YES;
				GCC_WARN_ABOUT_RETURN_TYPE = YES_ERROR;
				GCC_WARN_UNDECLARED_SELECTOR = YES;
				GCC_WARN_UNINITIALIZED_AUTOS = YES_AGGRESSIVE;
				GCC_WARN_UNUSED_FUNCTION = YES;
				GCC_WARN_UNUSED_VARIABLE = YES;
				IPHONEOS_DEPLOYMENT_TARGET = 13.5;
				MTL_ENABLE_DEBUG_INFO = INCLUDE_SOURCE;
				MTL_FAST_MATH = YES;
				ONLY_ACTIVE_ARCH = YES;
				SDKROOT = iphoneos;
				SWIFT_ACTIVE_COMPILATION_CONDITIONS = DEBUG;
				SWIFT_OPTIMIZATION_LEVEL = "-Onone";
			};
			name = Debug;
		};
		829712312489CD7C00CDA2F9 /* Release */ = {
			isa = XCBuildConfiguration;
			baseConfigurationReference = 061A356143EF93568FAC23DE /* Pods-Swift5QuitDrinking.release.xcconfig */;
			buildSettings = {
				ALWAYS_SEARCH_USER_PATHS = NO;
				CLANG_ANALYZER_NONNULL = YES;
				CLANG_ANALYZER_NUMBER_OBJECT_CONVERSION = YES_AGGRESSIVE;
				CLANG_CXX_LANGUAGE_STANDARD = "gnu++14";
				CLANG_CXX_LIBRARY = "libc++";
				CLANG_ENABLE_MODULES = YES;
				CLANG_ENABLE_OBJC_ARC = YES;
				CLANG_ENABLE_OBJC_WEAK = YES;
				CLANG_WARN_BLOCK_CAPTURE_AUTORELEASING = YES;
				CLANG_WARN_BOOL_CONVERSION = YES;
				CLANG_WARN_COMMA = YES;
				CLANG_WARN_CONSTANT_CONVERSION = YES;
				CLANG_WARN_DEPRECATED_OBJC_IMPLEMENTATIONS = YES;
				CLANG_WARN_DIRECT_OBJC_ISA_USAGE = YES_ERROR;
				CLANG_WARN_DOCUMENTATION_COMMENTS = YES;
				CLANG_WARN_EMPTY_BODY = YES;
				CLANG_WARN_ENUM_CONVERSION = YES;
				CLANG_WARN_INFINITE_RECURSION = YES;
				CLANG_WARN_INT_CONVERSION = YES;
				CLANG_WARN_NON_LITERAL_NULL_CONVERSION = YES;
				CLANG_WARN_OBJC_IMPLICIT_RETAIN_SELF = YES;
				CLANG_WARN_OBJC_LITERAL_CONVERSION = YES;
				CLANG_WARN_OBJC_ROOT_CLASS = YES_ERROR;
				CLANG_WARN_RANGE_LOOP_ANALYSIS = YES;
				CLANG_WARN_STRICT_PROTOTYPES = YES;
				CLANG_WARN_SUSPICIOUS_MOVE = YES;
				CLANG_WARN_UNGUARDED_AVAILABILITY = YES_AGGRESSIVE;
				CLANG_WARN_UNREACHABLE_CODE = YES;
				CLANG_WARN__DUPLICATE_METHOD_MATCH = YES;
				COPY_PHASE_STRIP = NO;
				DEBUG_INFORMATION_FORMAT = "dwarf-with-dsym";
				ENABLE_NS_ASSERTIONS = NO;
				ENABLE_STRICT_OBJC_MSGSEND = YES;
				GCC_C_LANGUAGE_STANDARD = gnu11;
				GCC_NO_COMMON_BLOCKS = YES;
				GCC_WARN_64_TO_32_BIT_CONVERSION = YES;
				GCC_WARN_ABOUT_RETURN_TYPE = YES_ERROR;
				GCC_WARN_UNDECLARED_SELECTOR = YES;
				GCC_WARN_UNINITIALIZED_AUTOS = YES_AGGRESSIVE;
				GCC_WARN_UNUSED_FUNCTION = YES;
				GCC_WARN_UNUSED_VARIABLE = YES;
				IPHONEOS_DEPLOYMENT_TARGET = 13.5;
				MTL_ENABLE_DEBUG_INFO = NO;
				MTL_FAST_MATH = YES;
				SDKROOT = iphoneos;
				SWIFT_COMPILATION_MODE = wholemodule;
				SWIFT_OPTIMIZATION_LEVEL = "-O";
				VALIDATE_PRODUCT = YES;
			};
			name = Release;
		};
		829712332489CD7C00CDA2F9 /* Debug */ = {
			isa = XCBuildConfiguration;
			baseConfigurationReference = 65DCA97FCC1EC6475CD19E14 /* Pods-Swift5QuitDrinking.debug.xcconfig */;
			buildSettings = {
				ASSETCATALOG_COMPILER_APPICON_NAME = AppIcon;
				CODE_SIGN_IDENTITY = "Apple Development";
				CODE_SIGN_STYLE = Automatic;
				CURRENT_PROJECT_VERSION = 1.2;
				DEVELOPMENT_TEAM = KHJQ79WF55;
				INFOPLIST_FILE = Swift5QuitDrinking/Info.plist;
				LD_RUNPATH_SEARCH_PATHS = (
					"$(inherited)",
					"@executable_path/Frameworks",
				);
				PRODUCT_BUNDLE_IDENTIFIER = com.Makoto.Shibata;
				PRODUCT_NAME = "$(TARGET_NAME)";
				PROVISIONING_PROFILE_SPECIFIER = "";
				SWIFT_VERSION = 5.0;
				TARGETED_DEVICE_FAMILY = "1,2";
			};
			name = Debug;
		};
		829712342489CD7C00CDA2F9 /* Release */ = {
			isa = XCBuildConfiguration;
			baseConfigurationReference = 061A356143EF93568FAC23DE /* Pods-Swift5QuitDrinking.release.xcconfig */;
			buildSettings = {
				ASSETCATALOG_COMPILER_APPICON_NAME = AppIcon;
				CODE_SIGN_IDENTITY = "Apple Development";
				CODE_SIGN_STYLE = Automatic;
				CURRENT_PROJECT_VERSION = 1.2;
				DEVELOPMENT_TEAM = KHJQ79WF55;
				INFOPLIST_FILE = Swift5QuitDrinking/Info.plist;
				LD_RUNPATH_SEARCH_PATHS = (
					"$(inherited)",
					"@executable_path/Frameworks",
				);
				PRODUCT_BUNDLE_IDENTIFIER = com.Makoto.Shibata;
				PRODUCT_NAME = "$(TARGET_NAME)";
				PROVISIONING_PROFILE_SPECIFIER = "";
				SWIFT_VERSION = 5.0;
				TARGETED_DEVICE_FAMILY = "1,2";
			};
			name = Release;
		};
/* End XCBuildConfiguration section */

/* Begin XCConfigurationList section */
		829712192489CD7B00CDA2F9 /* Build configuration list for PBXProject "Swift5QuitDrinking" */ = {
			isa = XCConfigurationList;
			buildConfigurations = (
				829712302489CD7C00CDA2F9 /* Debug */,
				829712312489CD7C00CDA2F9 /* Release */,
			);
			defaultConfigurationIsVisible = 0;
			defaultConfigurationName = Release;
		};
		829712322489CD7C00CDA2F9 /* Build configuration list for PBXNativeTarget "Swift5QuitDrinking" */ = {
			isa = XCConfigurationList;
			buildConfigurations = (
				829712332489CD7C00CDA2F9 /* Debug */,
				829712342489CD7C00CDA2F9 /* Release */,
			);
			defaultConfigurationIsVisible = 0;
			defaultConfigurationName = Release;
		};
/* End XCConfigurationList section */
	};
	rootObject = 829712162489CD7B00CDA2F9 /* Project object */;
}
